
Microsoft Visual Studio Solution File, Format Version 12.00
# Visual Studio Version 17
VisualStudioVersion = 17.14.36429.23 d17.14
MinimumVisualStudioVersion = 10.0.40219.1
Project("{888888A0-9F3D-457C-B088-3A5042F75D52}") = "QuebraSenha", "QuebraSenha.pyproj", "{31DAB3DE-E5F4-4711-857D-259DB16142A4}"
EndProject
Global
	GlobalSection(SolutionConfigurationPlatforms) = preSolution
		Debug|Any CPU = Debug|Any CPU
		Release|Any CPU = Release|Any CPU
	EndGlobalSection
	GlobalSection(ProjectConfigurationPlatforms) = postSolution
		{31DAB3DE-E5F4-4711-857D-259DB16142A4}.Debug|Any CPU.ActiveCfg = Debug|Any CPU
		{31DAB3DE-E5F4-4711-857D-259DB16142A4}.Release|Any CPU.ActiveCfg = Release|Any CPU
	EndGlobalSection
	GlobalSection(SolutionProperties) = preSolution
		HideSolutionNode = FALSE
	EndGlobalSection
	GlobalSection(ExtensibilityGlobals) = postSolution
		SolutionGuid = {EFE5C11D-2726-4E8B-B910-E94D5FCE4BA6}
	EndGlobalSection
EndGlobal
